
Microsoft Visual Studio Solution File, Format Version 12.00
# Visual Studio 15
VisualStudioVersion = 15.0.27130.2010
MinimumVisualStudioVersion = 10.0.40219.1
Project("{FAE04EC0-301F-11D3-BF4B-00C04F79EFBC}") = "Library", "src\Library\Library.csproj", "{B26FBB3F-F79C-4CC7-A9DA-F00ACA4AF4D7}"
EndProject
Project("{FAE04EC0-301F-11D3-BF4B-00C04F79EFBC}") = "App", "src\App\App.csproj", "{98C8E509-89B1-43E2-8F06-0A0B548F232A}"
EndProject
Global
	GlobalSection(SolutionConfigurationPlatforms) = preSolution
		Debug|Any CPU = Debug|Any CPU
		Release|Any CPU = Release|Any CPU
	EndGlobalSection
	GlobalSection(ProjectConfigurationPlatforms) = postSolution
		{B26FBB3F-F79C-4CC7-A9DA-F00ACA4AF4D7}.Debug|Any CPU.ActiveCfg = Debug|Any CPU
		{B26FBB3F-F79C-4CC7-A9DA-F00ACA4AF4D7}.Debug|Any CPU.Build.0 = Debug|Any CPU
		{B26FBB3F-F79C-4CC7-A9DA-F00ACA4AF4D7}.Release|Any CPU.ActiveCfg = Release|Any CPU
		{B26FBB3F-F79C-4CC7-A9DA-F00ACA4AF4D7}.Release|Any CPU.Build.0 = Release|Any CPU
		{98C8E509-89B1-43E2-8F06-0A0B548F232A}.Debug|Any CPU.ActiveCfg = Debug|Any CPU
		{98C8E509-89B1-43E2-8F06-0A0B548F232A}.Debug|Any CPU.Build.0 = Debug|Any CPU
		{98C8E509-89B1-43E2-8F06-0A0B548F232A}.Release|Any CPU.ActiveCfg = Release|Any CPU
		{98C8E509-89B1-43E2-8F06-0A0B548F232A}.Release|Any CPU.Build.0 = Release|Any CPU
	EndGlobalSection
	GlobalSection(SolutionProperties) = preSolution
		HideSolutionNode = FALSE
	EndGlobalSection
	GlobalSection(ExtensibilityGlobals) = postSolution
		SolutionGuid = {FBB9B940-784F-4FB9-AF38-94C356DD6FC2}
	EndGlobalSection
EndGlobal
